
Microsoft Visual Studio Solution File, Format Version 12.00
# Visual Studio 15
VisualStudioVersion = 15.0.27428.2037
MinimumVisualStudioVersion = 10.0.40219.1
Project("{FAE04EC0-301F-11D3-BF4B-00C04F79EFBC}") = "BFYOCFunction", "BFYOCFunction\BFYOCFunction.csproj", "{495FB491-25DA-42A7-8CFF-4282A518D764}"
EndProject
Global
	GlobalSection(SolutionConfigurationPlatforms) = preSolution
		Debug|Any CPU = Debug|Any CPU
		Release|Any CPU = Release|Any CPU
	EndGlobalSection
	GlobalSection(ProjectConfigurationPlatforms) = postSolution
		{495FB491-25DA-42A7-8CFF-4282A518D764}.Debug|Any CPU.ActiveCfg = Debug|Any CPU
		{495FB491-25DA-42A7-8CFF-4282A518D764}.Debug|Any CPU.Build.0 = Debug|Any CPU
		{495FB491-25DA-42A7-8CFF-4282A518D764}.Release|Any CPU.ActiveCfg = Release|Any CPU
		{495FB491-25DA-42A7-8CFF-4282A518D764}.Release|Any CPU.Build.0 = Release|Any CPU
	EndGlobalSection
	GlobalSection(SolutionProperties) = preSolution
		HideSolutionNode = FALSE
	EndGlobalSection
	GlobalSection(ExtensibilityGlobals) = postSolution
		SolutionGuid = {C933F2D2-D176-4F93-B2C7-0BF17A14CF02}
	EndGlobalSection
EndGlobal
